// !$*UTF8*$!
{
	archiveVersion = 1;
	classes = {
	};
	objectVersion = 46;
	objects = {

/* Begin PBXBuildFile section */
		006869D087227A3B663726BF /* Pods_CINEMA_iOSUITests.framework in Frameworks */ = {isa = PBXBuildFile; fileRef = 1A4A6103FF1A35D31AD0FE85 /* Pods_CINEMA_iOSUITests.framework */; };
		35F7F23BEDA623DE6415D2AE /* Pods_CINEMA_iOS.framework in Frameworks */ = {isa = PBXBuildFile; fileRef = ACD0F97FD95CDF992EC443A9 /* Pods_CINEMA_iOS.framework */; };
		600B60981EECAE5600B306E6 /* Reachability.swift in Sources */ = {isa = PBXBuildFile; fileRef = 600B60971EECAE5600B306E6 /* Reachability.swift */; };
		600B609B1EECAFDF00B306E6 /* Main.storyboard in Resources */ = {isa = PBXBuildFile; fileRef = 600B60991EECAFDF00B306E6 /* Main.storyboard */; };
		603F997D1EDA350E00BE7151 /* AppDelegate.swift in Sources */ = {isa = PBXBuildFile; fileRef = 603F997C1EDA350E00BE7151 /* AppDelegate.swift */; };
		603F997F1EDA350E00BE7151 /* HomeViewController.swift in Sources */ = {isa = PBXBuildFile; fileRef = 603F997E1EDA350E00BE7151 /* HomeViewController.swift */; };
		603F99841EDA350E00BE7151 /* Assets.xcassets in Resources */ = {isa = PBXBuildFile; fileRef = 603F99831EDA350E00BE7151 /* Assets.xcassets */; };
		603F99871EDA350E00BE7151 /* LaunchScreen.storyboard in Resources */ = {isa = PBXBuildFile; fileRef = 603F99851EDA350E00BE7151 /* LaunchScreen.storyboard */; };
		603F99921EDA351000BE7151 /* CINEMA_iOSTests.swift in Sources */ = {isa = PBXBuildFile; fileRef = 603F99911EDA351000BE7151 /* CINEMA_iOSTests.swift */; };
		603F999D1EDA351000BE7151 /* CINEMA_iOSUITests.swift in Sources */ = {isa = PBXBuildFile; fileRef = 603F999C1EDA351000BE7151 /* CINEMA_iOSUITests.swift */; };
		6054359D1EF30A7B00C98CFE /* ScheduleTableViewController.swift in Sources */ = {isa = PBXBuildFile; fileRef = 6054359C1EF30A7B00C98CFE /* ScheduleTableViewController.swift */; };
		6054359F1EF38ED900C98CFE /* Ticket.swift in Sources */ = {isa = PBXBuildFile; fileRef = 6054359E1EF38ED900C98CFE /* Ticket.swift */; };
		605435A11EF38F0900C98CFE /* User.swift in Sources */ = {isa = PBXBuildFile; fileRef = 605435A01EF38F0900C98CFE /* User.swift */; };
		605435A71EF3CC4A00C98CFE /* TicketInformationTableViewCell.swift in Sources */ = {isa = PBXBuildFile; fileRef = 605435A61EF3CC4A00C98CFE /* TicketInformationTableViewCell.swift */; };
		605435A91EF3CCFF00C98CFE /* TicketInformationTableViewController.swift in Sources */ = {isa = PBXBuildFile; fileRef = 605435A81EF3CCFF00C98CFE /* TicketInformationTableViewController.swift */; };
		605804A41EE4A0FB00E7BF53 /* BookFilmTableViewController.swift in Sources */ = {isa = PBXBuildFile; fileRef = 605804A31EE4A0FB00E7BF53 /* BookFilmTableViewController.swift */; };
		605804A61EE4A34F00E7BF53 /* Book.swift in Sources */ = {isa = PBXBuildFile; fileRef = 605804A51EE4A34F00E7BF53 /* Book.swift */; };
		6058B9531EE5260A00C5A5E1 /* SignUpViewController.swift in Sources */ = {isa = PBXBuildFile; fileRef = 6058B9521EE5260A00C5A5E1 /* SignUpViewController.swift */; };
		6058B9551EE5266600C5A5E1 /* SignInViewController.swift in Sources */ = {isa = PBXBuildFile; fileRef = 6058B9541EE5266600C5A5E1 /* SignInViewController.swift */; };
		60608AF21EE724110034FA3E /* MenuViewController.swift in Sources */ = {isa = PBXBuildFile; fileRef = 60608AF11EE724110034FA3E /* MenuViewController.swift */; };
		60608AFA1EE7A8060034FA3E /* SeatCollectionViewController.swift in Sources */ = {isa = PBXBuildFile; fileRef = 60608AF91EE7A8060034FA3E /* SeatCollectionViewController.swift */; };
		60608AFC1EE7A84E0034FA3E /* SeatCollectionViewCell.swift in Sources */ = {isa = PBXBuildFile; fileRef = 60608AFB1EE7A84E0034FA3E /* SeatCollectionViewCell.swift */; };
		60608AFE1EE7B5540034FA3E /* DetailViewController.swift in Sources */ = {isa = PBXBuildFile; fileRef = 60608AFD1EE7B5540034FA3E /* DetailViewController.swift */; };
		60A2B5DA1EE112C100857EAC /* DataFilm.swift in Sources */ = {isa = PBXBuildFile; fileRef = 60A2B5D91EE112C100857EAC /* DataFilm.swift */; };
		60A2B5DC1EE1143B00857EAC /* Film.swift in Sources */ = {isa = PBXBuildFile; fileRef = 60A2B5DB1EE1143B00857EAC /* Film.swift */; };
		60A2B5DE1EE152C100857EAC /* FilmTableViewCell.swift in Sources */ = {isa = PBXBuildFile; fileRef = 60A2B5DD1EE152C100857EAC /* FilmTableViewCell.swift */; };
		60E10ABF1EF1E76100A34628 /* FilmTypeTableViewCell.swift in Sources */ = {isa = PBXBuildFile; fileRef = 60E10ABE1EF1E76100A34628 /* FilmTypeTableViewCell.swift */; };
		60E10AC11EF1E7B000A34628 /* FilmTypeTableViewController.swift in Sources */ = {isa = PBXBuildFile; fileRef = 60E10AC01EF1E7B000A34628 /* FilmTypeTableViewController.swift */; };
		751C46D11EE2FB460007FC3C /* GoogleService-Info.plist in Resources */ = {isa = PBXBuildFile; fileRef = 751C46D01EE2FB460007FC3C /* GoogleService-Info.plist */; };
		7525D84F1EE4197300FF6FA5 /* SWRevealViewController.m in Sources */ = {isa = PBXBuildFile; fileRef = 7525D84D1EE4197300FF6FA5 /* SWRevealViewController.m */; };
		7525D8521EE41A6C00FF6FA5 /* MenuCell.swift in Sources */ = {isa = PBXBuildFile; fileRef = 7525D8501EE41A6C00FF6FA5 /* MenuCell.swift */; };
		755CBE171EF19F8000CAD1FC /* ScheduleTableViewCell.swift in Sources */ = {isa = PBXBuildFile; fileRef = 755CBE161EF19F8000CAD1FC /* ScheduleTableViewCell.swift */; };
		756C08F01EF8E0230014BB02 /* ProfileViewController.swift in Sources */ = {isa = PBXBuildFile; fileRef = 756C08EF1EF8E0220014BB02 /* ProfileViewController.swift */; };
		756C08F21EF8E1960014BB02 /* MyOrderCell.swift in Sources */ = {isa = PBXBuildFile; fileRef = 756C08F11EF8E1960014BB02 /* MyOrderCell.swift */; };
		75751D111F00033E00F7372C /* AppUtility.swift in Sources */ = {isa = PBXBuildFile; fileRef = 75751D101F00033C00F7372C /* AppUtility.swift */; };
		75D0B7F41EE7F6D200A3A5BF /* ResetPasswordViewController.swift in Sources */ = {isa = PBXBuildFile; fileRef = 75D0B7F31EE7F6D200A3A5BF /* ResetPasswordViewController.swift */; };
		75D0B7F61EE7F87800A3A5BF /* ChangePasswordViewController.swift in Sources */ = {isa = PBXBuildFile; fileRef = 75D0B7F51EE7F87800A3A5BF /* ChangePasswordViewController.swift */; };
		7AAF2BA74B2083FECC0F815C /* Pods_CINEMA_iOSTests.framework in Frameworks */ = {isa = PBXBuildFile; fileRef = 596F5CE9635484B73D0055E6 /* Pods_CINEMA_iOSTests.framework */; };
		F7DC99DC1F0F83430062942C /* BookTableViewCell.swift in Sources */ = {isa = PBXBuildFile; fileRef = F7DC99DB1F0F83430062942C /* BookTableViewCell.swift */; };
/* End PBXBuildFile section */

/* Begin PBXContainerItemProxy section */
		603F998E1EDA351000BE7151 /* PBXContainerItemProxy */ = {
			isa = PBXContainerItemProxy;
			containerPortal = 603F99711EDA350D00BE7151 /* Project object */;
			proxyType = 1;
			remoteGlobalIDString = 603F99781EDA350D00BE7151;
			remoteInfo = "CINEMA iOS";
		};
		603F99991EDA351000BE7151 /* PBXContainerItemProxy */ = {
			isa = PBXContainerItemProxy;
			containerPortal = 603F99711EDA350D00BE7151 /* Project object */;
			proxyType = 1;
			remoteGlobalIDString = 603F99781EDA350D00BE7151;
			remoteInfo = "CINEMA iOS";
		};
/* End PBXContainerItemProxy section */

/* Begin PBXFileReference section */
		1A4A6103FF1A35D31AD0FE85 /* Pods_CINEMA_iOSUITests.framework */ = {isa = PBXFileReference; explicitFileType = wrapper.framework; includeInIndex = 0; path = Pods_CINEMA_iOSUITests.framework; sourceTree = BUILT_PRODUCTS_DIR; };
		358AE7392051B48CC47B6BA7 /* Pods-CINEMA iOSUITests.debug.xcconfig */ = {isa = PBXFileReference; includeInIndex = 1; lastKnownFileType = text.xcconfig; name = "Pods-CINEMA iOSUITests.debug.xcconfig"; path = "Pods/Target Support Files/Pods-CINEMA iOSUITests/Pods-CINEMA iOSUITests.debug.xcconfig"; sourceTree = "<group>"; };
		596F5CE9635484B73D0055E6 /* Pods_CINEMA_iOSTests.framework */ = {isa = PBXFileReference; explicitFileType = wrapper.framework; includeInIndex = 0; path = Pods_CINEMA_iOSTests.framework; sourceTree = BUILT_PRODUCTS_DIR; };
		600B60971EECAE5600B306E6 /* Reachability.swift */ = {isa = PBXFileReference; fileEncoding = 4; lastKnownFileType = sourcecode.swift; path = Reachability.swift; sourceTree = "<group>"; };
		600B609A1EECAFDF00B306E6 /* Base */ = {isa = PBXFileReference; lastKnownFileType = file.storyboard; name = Base; path = Base.lproj/Main.storyboard; sourceTree = "<group>"; };
		603F99791EDA350D00BE7151 /* CINEMA iOS.app */ = {isa = PBXFileReference; explicitFileType = wrapper.application; includeInIndex = 0; path = "CINEMA iOS.app"; sourceTree = BUILT_PRODUCTS_DIR; };
		603F997C1EDA350E00BE7151 /* AppDelegate.swift */ = {isa = PBXFileReference; lastKnownFileType = sourcecode.swift; path = AppDelegate.swift; sourceTree = "<group>"; };
		603F997E1EDA350E00BE7151 /* HomeViewController.swift */ = {isa = PBXFileReference; lastKnownFileType = sourcecode.swift; path = HomeViewController.swift; sourceTree = "<group>"; };
		603F99831EDA350E00BE7151 /* Assets.xcassets */ = {isa = PBXFileReference; lastKnownFileType = folder.assetcatalog; path = Assets.xcassets; sourceTree = "<group>"; };
		603F99861EDA350E00BE7151 /* Base */ = {isa = PBXFileReference; lastKnownFileType = file.storyboard; name = Base; path = Base.lproj/LaunchScreen.storyboard; sourceTree = "<group>"; };
		603F99881EDA350E00BE7151 /* Info.plist */ = {isa = PBXFileReference; lastKnownFileType = text.plist.xml; path = Info.plist; sourceTree = "<group>"; };
		603F998D1EDA351000BE7151 /* CINEMA iOSTests.xctest */ = {isa = PBXFileReference; explicitFileType = wrapper.cfbundle; includeInIndex = 0; path = "CINEMA iOSTests.xctest"; sourceTree = BUILT_PRODUCTS_DIR; };
		603F99911EDA351000BE7151 /* CINEMA_iOSTests.swift */ = {isa = PBXFileReference; lastKnownFileType = sourcecode.swift; path = CINEMA_iOSTests.swift; sourceTree = "<group>"; };
		603F99931EDA351000BE7151 /* Info.plist */ = {isa = PBXFileReference; lastKnownFileType = text.plist.xml; path = Info.plist; sourceTree = "<group>"; };
		603F99981EDA351000BE7151 /* CINEMA iOSUITests.xctest */ = {isa = PBXFileReference; explicitFileType = wrapper.cfbundle; includeInIndex = 0; path = "CINEMA iOSUITests.xctest"; sourceTree = BUILT_PRODUCTS_DIR; };
		603F999C1EDA351000BE7151 /* CINEMA_iOSUITests.swift */ = {isa = PBXFileReference; lastKnownFileType = sourcecode.swift; path = CINEMA_iOSUITests.swift; sourceTree = "<group>"; };
		603F999E1EDA351000BE7151 /* Info.plist */ = {isa = PBXFileReference; lastKnownFileType = text.plist.xml; path = Info.plist; sourceTree = "<group>"; };
		6054359C1EF30A7B00C98CFE /* ScheduleTableViewController.swift */ = {isa = PBXFileReference; fileEncoding = 4; lastKnownFileType = sourcecode.swift; path = ScheduleTableViewController.swift; sourceTree = "<group>"; };
		6054359E1EF38ED900C98CFE /* Ticket.swift */ = {isa = PBXFileReference; fileEncoding = 4; lastKnownFileType = sourcecode.swift; path = Ticket.swift; sourceTree = "<group>"; };
		605435A01EF38F0900C98CFE /* User.swift */ = {isa = PBXFileReference; fileEncoding = 4; lastKnownFileType = sourcecode.swift; path = User.swift; sourceTree = "<group>"; };
		605435A61EF3CC4A00C98CFE /* TicketInformationTableViewCell.swift */ = {isa = PBXFileReference; fileEncoding = 4; lastKnownFileType = sourcecode.swift; path = TicketInformationTableViewCell.swift; sourceTree = "<group>"; };
		605435A81EF3CCFF00C98CFE /* TicketInformationTableViewController.swift */ = {isa = PBXFileReference; fileEncoding = 4; lastKnownFileType = sourcecode.swift; path = TicketInformationTableViewController.swift; sourceTree = "<group>"; };
		605804A31EE4A0FB00E7BF53 /* BookFilmTableViewController.swift */ = {isa = PBXFileReference; fileEncoding = 4; lastKnownFileType = sourcecode.swift; path = BookFilmTableViewController.swift; sourceTree = "<group>"; };
		605804A51EE4A34F00E7BF53 /* Book.swift */ = {isa = PBXFileReference; fileEncoding = 4; lastKnownFileType = sourcecode.swift; path = Book.swift; sourceTree = "<group>"; };
		6058B9521EE5260A00C5A5E1 /* SignUpViewController.swift */ = {isa = PBXFileReference; fileEncoding = 4; lastKnownFileType = sourcecode.swift; path = SignUpViewController.swift; sourceTree = "<group>"; };
		6058B9541EE5266600C5A5E1 /* SignInViewController.swift */ = {isa = PBXFileReference; fileEncoding = 4; lastKnownFileType = sourcecode.swift; path = SignInViewController.swift; sourceTree = "<group>"; };
		60608AF11EE724110034FA3E /* MenuViewController.swift */ = {isa = PBXFileReference; fileEncoding = 4; lastKnownFileType = sourcecode.swift; path = MenuViewController.swift; sourceTree = "<group>"; };
		60608AF91EE7A8060034FA3E /* SeatCollectionViewController.swift */ = {isa = PBXFileReference; fileEncoding = 4; lastKnownFileType = sourcecode.swift; path = SeatCollectionViewController.swift; sourceTree = "<group>"; };
		60608AFB1EE7A84E0034FA3E /* SeatCollectionViewCell.swift */ = {isa = PBXFileReference; fileEncoding = 4; lastKnownFileType = sourcecode.swift; path = SeatCollectionViewCell.swift; sourceTree = "<group>"; };
		60608AFD1EE7B5540034FA3E /* DetailViewController.swift */ = {isa = PBXFileReference; fileEncoding = 4; lastKnownFileType = sourcecode.swift; path = DetailViewController.swift; sourceTree = "<group>"; };
		60A2B5D91EE112C100857EAC /* DataFilm.swift */ = {isa = PBXFileReference; fileEncoding = 4; lastKnownFileType = sourcecode.swift; path = DataFilm.swift; sourceTree = "<group>"; };
		60A2B5DB1EE1143B00857EAC /* Film.swift */ = {isa = PBXFileReference; fileEncoding = 4; lastKnownFileType = sourcecode.swift; path = Film.swift; sourceTree = "<group>"; };
		60A2B5DD1EE152C100857EAC /* FilmTableViewCell.swift */ = {isa = PBXFileReference; fileEncoding = 4; lastKnownFileType = sourcecode.swift; path = FilmTableViewCell.swift; sourceTree = "<group>"; };
		60E10ABE1EF1E76100A34628 /* FilmTypeTableViewCell.swift */ = {isa = PBXFileReference; fileEncoding = 4; lastKnownFileType = sourcecode.swift; path = FilmTypeTableViewCell.swift; sourceTree = "<group>"; };
		60E10AC01EF1E7B000A34628 /* FilmTypeTableViewController.swift */ = {isa = PBXFileReference; fileEncoding = 4; lastKnownFileType = sourcecode.swift; path = FilmTypeTableViewController.swift; sourceTree = "<group>"; };
		71DC90CFAD60B88AAC48A138 /* Pods-CINEMA iOS.release.xcconfig */ = {isa = PBXFileReference; includeInIndex = 1; lastKnownFileType = text.xcconfig; name = "Pods-CINEMA iOS.release.xcconfig"; path = "Pods/Target Support Files/Pods-CINEMA iOS/Pods-CINEMA iOS.release.xcconfig"; sourceTree = "<group>"; };
		751C46D01EE2FB460007FC3C /* GoogleService-Info.plist */ = {isa = PBXFileReference; fileEncoding = 4; lastKnownFileType = text.plist.xml; path = "GoogleService-Info.plist"; sourceTree = "<group>"; };
		7525D84C1EE4197100FF6FA5 /* CINEMA iOS-Bridging-Header.h */ = {isa = PBXFileReference; lastKnownFileType = sourcecode.c.h; path = "CINEMA iOS-Bridging-Header.h"; sourceTree = "<group>"; };
		7525D84D1EE4197300FF6FA5 /* SWRevealViewController.m */ = {isa = PBXFileReference; fileEncoding = 4; lastKnownFileType = sourcecode.c.objc; path = SWRevealViewController.m; sourceTree = "<group>"; };
		7525D84E1EE4197300FF6FA5 /* SWRevealViewController.h */ = {isa = PBXFileReference; fileEncoding = 4; lastKnownFileType = sourcecode.c.h; path = SWRevealViewController.h; sourceTree = "<group>"; };
		7525D8501EE41A6C00FF6FA5 /* MenuCell.swift */ = {isa = PBXFileReference; fileEncoding = 4; lastKnownFileType = sourcecode.swift; path = MenuCell.swift; sourceTree = "<group>"; };
		755CBE161EF19F8000CAD1FC /* ScheduleTableViewCell.swift */ = {isa = PBXFileReference; fileEncoding = 4; lastKnownFileType = sourcecode.swift; path = ScheduleTableViewCell.swift; sourceTree = "<group>"; };
		756C08EF1EF8E0220014BB02 /* ProfileViewController.swift */ = {isa = PBXFileReference; fileEncoding = 4; lastKnownFileType = sourcecode.swift; path = ProfileViewController.swift; sourceTree = "<group>"; };
		756C08F11EF8E1960014BB02 /* MyOrderCell.swift */ = {isa = PBXFileReference; fileEncoding = 4; lastKnownFileType = sourcecode.swift; path = MyOrderCell.swift; sourceTree = "<group>"; };
		75751D101F00033C00F7372C /* AppUtility.swift */ = {isa = PBXFileReference; fileEncoding = 4; lastKnownFileType = sourcecode.swift; path = AppUtility.swift; sourceTree = "<group>"; };
		75D0B7F31EE7F6D200A3A5BF /* ResetPasswordViewController.swift */ = {isa = PBXFileReference; fileEncoding = 4; lastKnownFileType = sourcecode.swift; path = ResetPasswordViewController.swift; sourceTree = "<group>"; };
		75D0B7F51EE7F87800A3A5BF /* ChangePasswordViewController.swift */ = {isa = PBXFileReference; fileEncoding = 4; lastKnownFileType = sourcecode.swift; path = ChangePasswordViewController.swift; sourceTree = "<group>"; };
		887A7C68A3B716881D5405F3 /* Pods-CINEMA iOSUITests.release.xcconfig */ = {isa = PBXFileReference; includeInIndex = 1; lastKnownFileType = text.xcconfig; name = "Pods-CINEMA iOSUITests.release.xcconfig"; path = "Pods/Target Support Files/Pods-CINEMA iOSUITests/Pods-CINEMA iOSUITests.release.xcconfig"; sourceTree = "<group>"; };
		8ACA4E4D7D19C9F429192B0E /* Pods-CINEMA iOSTests.release.xcconfig */ = {isa = PBXFileReference; includeInIndex = 1; lastKnownFileType = text.xcconfig; name = "Pods-CINEMA iOSTests.release.xcconfig"; path = "Pods/Target Support Files/Pods-CINEMA iOSTests/Pods-CINEMA iOSTests.release.xcconfig"; sourceTree = "<group>"; };
		ACD0F97FD95CDF992EC443A9 /* Pods_CINEMA_iOS.framework */ = {isa = PBXFileReference; explicitFileType = wrapper.framework; includeInIndex = 0; path = Pods_CINEMA_iOS.framework; sourceTree = BUILT_PRODUCTS_DIR; };
		CABAF379495E050D6EC17DD8 /* Pods-CINEMA iOSTests.debug.xcconfig */ = {isa = PBXFileReference; includeInIndex = 1; lastKnownFileType = text.xcconfig; name = "Pods-CINEMA iOSTests.debug.xcconfig"; path = "Pods/Target Support Files/Pods-CINEMA iOSTests/Pods-CINEMA iOSTests.debug.xcconfig"; sourceTree = "<group>"; };
		DD0C14DD304E4AC10D72F568 /* Pods-CINEMA iOS.debug.xcconfig */ = {isa = PBXFileReference; includeInIndex = 1; lastKnownFileType = text.xcconfig; name = "Pods-CINEMA iOS.debug.xcconfig"; path = "Pods/Target Support Files/Pods-CINEMA iOS/Pods-CINEMA iOS.debug.xcconfig"; sourceTree = "<group>"; };
		F7DC99DB1F0F83430062942C /* BookTableViewCell.swift */ = {isa = PBXFileReference; fileEncoding = 4; lastKnownFileType = sourcecode.swift; path = BookTableViewCell.swift; sourceTree = "<group>"; };
/* End PBXFileReference section */

/* Begin PBXFrameworksBuildPhase section */
		603F99761EDA350D00BE7151 /* Frameworks */ = {
			isa = PBXFrameworksBuildPhase;
			buildActionMask = 2147483647;
			files = (
				35F7F23BEDA623DE6415D2AE /* Pods_CINEMA_iOS.framework in Frameworks */,
			);
			runOnlyForDeploymentPostprocessing = 0;
		};
		603F998A1EDA351000BE7151 /* Frameworks */ = {
			isa = PBXFrameworksBuildPhase;
			buildActionMask = 2147483647;
			files = (
				7AAF2BA74B2083FECC0F815C /* Pods_CINEMA_iOSTests.framework in Frameworks */,
			);
			runOnlyForDeploymentPostprocessing = 0;
		};
		603F99951EDA351000BE7151 /* Frameworks */ = {
			isa = PBXFrameworksBuildPhase;
			buildActionMask = 2147483647;
			files = (
				006869D087227A3B663726BF /* Pods_CINEMA_iOSUITests.framework in Frameworks */,
			);
			runOnlyForDeploymentPostprocessing = 0;
		};
/* End PBXFrameworksBuildPhase section */

/* Begin PBXGroup section */
		35DEB9CC7C53BE0B104E5A8D /* Pods */ = {
			isa = PBXGroup;
			children = (
				DD0C14DD304E4AC10D72F568 /* Pods-CINEMA iOS.debug.xcconfig */,
				71DC90CFAD60B88AAC48A138 /* Pods-CINEMA iOS.release.xcconfig */,
				CABAF379495E050D6EC17DD8 /* Pods-CINEMA iOSTests.debug.xcconfig */,
				8ACA4E4D7D19C9F429192B0E /* Pods-CINEMA iOSTests.release.xcconfig */,
				358AE7392051B48CC47B6BA7 /* Pods-CINEMA iOSUITests.debug.xcconfig */,
				887A7C68A3B716881D5405F3 /* Pods-CINEMA iOSUITests.release.xcconfig */,
			);
			name = Pods;
			sourceTree = "<group>";
		};
		603F99701EDA350D00BE7151 = {
			isa = PBXGroup;
			children = (
				603F997B1EDA350D00BE7151 /* CINEMA iOS */,
				603F99901EDA351000BE7151 /* CINEMA iOSTests */,
				603F999B1EDA351000BE7151 /* CINEMA iOSUITests */,
				603F997A1EDA350D00BE7151 /* Products */,
				35DEB9CC7C53BE0B104E5A8D /* Pods */,
				63A1B9D43BFC15CA6BF0B63D /* Frameworks */,
			);
			sourceTree = "<group>";
		};
		603F997A1EDA350D00BE7151 /* Products */ = {
			isa = PBXGroup;
			children = (
				603F99791EDA350D00BE7151 /* CINEMA iOS.app */,
				603F998D1EDA351000BE7151 /* CINEMA iOSTests.xctest */,
				603F99981EDA351000BE7151 /* CINEMA iOSUITests.xctest */,
			);
			name = Products;
			sourceTree = "<group>";
		};
		603F997B1EDA350D00BE7151 /* CINEMA iOS */ = {
			isa = PBXGroup;
			children = (
				6067CC7D1F08C42300CB37A0 /* Helper */,
				603F99AD1EDA366E00BE7151 /* View */,
				603F99AF1EDA368000BE7151 /* Model */,
				603F99AE1EDA367800BE7151 /* Controller */,
				603F99881EDA350E00BE7151 /* Info.plist */,
				603F997C1EDA350E00BE7151 /* AppDelegate.swift */,
				751C46D01EE2FB460007FC3C /* GoogleService-Info.plist */,
				600B60991EECAFDF00B306E6 /* Main.storyboard */,
				603F99831EDA350E00BE7151 /* Assets.xcassets */,
				603F99851EDA350E00BE7151 /* LaunchScreen.storyboard */,
			);
			path = "CINEMA iOS";
			sourceTree = "<group>";
		};
		603F99901EDA351000BE7151 /* CINEMA iOSTests */ = {
			isa = PBXGroup;
			children = (
				603F99911EDA351000BE7151 /* CINEMA_iOSTests.swift */,
				603F99931EDA351000BE7151 /* Info.plist */,
			);
			path = "CINEMA iOSTests";
			sourceTree = "<group>";
		};
		603F999B1EDA351000BE7151 /* CINEMA iOSUITests */ = {
			isa = PBXGroup;
			children = (
				603F999C1EDA351000BE7151 /* CINEMA_iOSUITests.swift */,
				603F999E1EDA351000BE7151 /* Info.plist */,
			);
			path = "CINEMA iOSUITests";
			sourceTree = "<group>";
		};
		603F99AD1EDA366E00BE7151 /* View */ = {
			isa = PBXGroup;
			children = (
				F7DC99DB1F0F83430062942C /* BookTableViewCell.swift */,
				605435A61EF3CC4A00C98CFE /* TicketInformationTableViewCell.swift */,
				60E10ABE1EF1E76100A34628 /* FilmTypeTableViewCell.swift */,
				60608AFB1EE7A84E0034FA3E /* SeatCollectionViewCell.swift */,
				60A2B5DD1EE152C100857EAC /* FilmTableViewCell.swift */,
				7525D8501EE41A6C00FF6FA5 /* MenuCell.swift */,
				755CBE161EF19F8000CAD1FC /* ScheduleTableViewCell.swift */,
				756C08F11EF8E1960014BB02 /* MyOrderCell.swift */,
			);
			name = View;
			sourceTree = "<group>";
		};
		603F99AE1EDA367800BE7151 /* Controller */ = {
			isa = PBXGroup;
			children = (
				605435A81EF3CCFF00C98CFE /* TicketInformationTableViewController.swift */,
				60E10AC01EF1E7B000A34628 /* FilmTypeTableViewController.swift */,
				60608AFD1EE7B5540034FA3E /* DetailViewController.swift */,
				60608AF91EE7A8060034FA3E /* SeatCollectionViewController.swift */,
				60608AF11EE724110034FA3E /* MenuViewController.swift */,
				6058B9541EE5266600C5A5E1 /* SignInViewController.swift */,
				6058B9521EE5260A00C5A5E1 /* SignUpViewController.swift */,
				605804A31EE4A0FB00E7BF53 /* BookFilmTableViewController.swift */,
				603F997E1EDA350E00BE7151 /* HomeViewController.swift */,
				7525D84D1EE4197300FF6FA5 /* SWRevealViewController.m */,
				7525D84E1EE4197300FF6FA5 /* SWRevealViewController.h */,
				7525D84C1EE4197100FF6FA5 /* CINEMA iOS-Bridging-Header.h */,
				75D0B7F31EE7F6D200A3A5BF /* ResetPasswordViewController.swift */,
				75D0B7F51EE7F87800A3A5BF /* ChangePasswordViewController.swift */,
				756C08EF1EF8E0220014BB02 /* ProfileViewController.swift */,
				6054359C1EF30A7B00C98CFE /* ScheduleTableViewController.swift */,
			);
			name = Controller;
			sourceTree = "<group>";
		};
		603F99AF1EDA368000BE7151 /* Model */ = {
			isa = PBXGroup;
			children = (
				60A2B5DB1EE1143B00857EAC /* Film.swift */,
				605804A51EE4A34F00E7BF53 /* Book.swift */,
				6054359E1EF38ED900C98CFE /* Ticket.swift */,
				605435A01EF38F0900C98CFE /* User.swift */,
			);
			name = Model;
			sourceTree = "<group>";
		};
		6067CC7D1F08C42300CB37A0 /* Helper */ = {
			isa = PBXGroup;
			children = (
				600B60971EECAE5600B306E6 /* Reachability.swift */,
				60A2B5D91EE112C100857EAC /* DataFilm.swift */,
				75751D101F00033C00F7372C /* AppUtility.swift */,
			);
			name = Helper;
			sourceTree = "<group>";
		};
		63A1B9D43BFC15CA6BF0B63D /* Frameworks */ = {
			isa = PBXGroup;
			children = (
				ACD0F97FD95CDF992EC443A9 /* Pods_CINEMA_iOS.framework */,
				596F5CE9635484B73D0055E6 /* Pods_CINEMA_iOSTests.framework */,
				1A4A6103FF1A35D31AD0FE85 /* Pods_CINEMA_iOSUITests.framework */,
			);
			name = Frameworks;
			sourceTree = "<group>";
		};
/* End PBXGroup section */

/* Begin PBXNativeTarget section */
		603F99781EDA350D00BE7151 /* CINEMA iOS */ = {
			isa = PBXNativeTarget;
			buildConfigurationList = 603F99A11EDA351000BE7151 /* Build configuration list for PBXNativeTarget "CINEMA iOS" */;
			buildPhases = (
				EFA841F66C606A77AADC4114 /* [CP] Check Pods Manifest.lock */,
				603F99751EDA350D00BE7151 /* Sources */,
				603F99761EDA350D00BE7151 /* Frameworks */,
				603F99771EDA350D00BE7151 /* Resources */,
				DE7678E7B2CF6EDFBBCBA917 /* [CP] Embed Pods Frameworks */,
				5636419645E15780A7446BD8 /* [CP] Copy Pods Resources */,
			);
			buildRules = (
			);
			dependencies = (
			);
			name = "CINEMA iOS";
			productName = "CINEMA iOS";
			productReference = 603F99791EDA350D00BE7151 /* CINEMA iOS.app */;
			productType = "com.apple.product-type.application";
		};
		603F998C1EDA351000BE7151 /* CINEMA iOSTests */ = {
			isa = PBXNativeTarget;
			buildConfigurationList = 603F99A41EDA351000BE7151 /* Build configuration list for PBXNativeTarget "CINEMA iOSTests" */;
			buildPhases = (
				142B2C6DE40AD3D43D999986 /* [CP] Check Pods Manifest.lock */,
				603F99891EDA351000BE7151 /* Sources */,
				603F998A1EDA351000BE7151 /* Frameworks */,
				603F998B1EDA351000BE7151 /* Resources */,
				FF022893E8F891870C65526D /* [CP] Embed Pods Frameworks */,
				2452F5C3C75EBE5F82391E6E /* [CP] Copy Pods Resources */,
			);
			buildRules = (
			);
			dependencies = (
				603F998F1EDA351000BE7151 /* PBXTargetDependency */,
			);
			name = "CINEMA iOSTests";
			productName = "CINEMA iOSTests";
			productReference = 603F998D1EDA351000BE7151 /* CINEMA iOSTests.xctest */;
			productType = "com.apple.product-type.bundle.unit-test";
		};
		603F99971EDA351000BE7151 /* CINEMA iOSUITests */ = {
			isa = PBXNativeTarget;
			buildConfigurationList = 603F99A71EDA351000BE7151 /* Build configuration list for PBXNativeTarget "CINEMA iOSUITests" */;
			buildPhases = (
				D181EE302F30A0E6BCA9087E /* [CP] Check Pods Manifest.lock */,
				603F99941EDA351000BE7151 /* Sources */,
				603F99951EDA351000BE7151 /* Frameworks */,
				603F99961EDA351000BE7151 /* Resources */,
				4383CC69A71773EFD8E58AF0 /* [CP] Embed Pods Frameworks */,
				748E5604416816475E93358C /* [CP] Copy Pods Resources */,
			);
			buildRules = (
			);
			dependencies = (
				603F999A1EDA351000BE7151 /* PBXTargetDependency */,
			);
			name = "CINEMA iOSUITests";
			productName = "CINEMA iOSUITests";
			productReference = 603F99981EDA351000BE7151 /* CINEMA iOSUITests.xctest */;
			productType = "com.apple.product-type.bundle.ui-testing";
		};
/* End PBXNativeTarget section */

/* Begin PBXProject section */
		603F99711EDA350D00BE7151 /* Project object */ = {
			isa = PBXProject;
			attributes = {
				LastSwiftUpdateCheck = 0830;
				LastUpgradeCheck = 0830;
				ORGANIZATIONNAME = healer;
				TargetAttributes = {
					603F99781EDA350D00BE7151 = {
						CreatedOnToolsVersion = 8.3.1;
						LastSwiftMigration = 0830;
						ProvisioningStyle = Automatic;
					};
					603F998C1EDA351000BE7151 = {
						CreatedOnToolsVersion = 8.3.1;
						ProvisioningStyle = Automatic;
						TestTargetID = 603F99781EDA350D00BE7151;
					};
					603F99971EDA351000BE7151 = {
						CreatedOnToolsVersion = 8.3.1;
						ProvisioningStyle = Automatic;
						TestTargetID = 603F99781EDA350D00BE7151;
					};
				};
			};
			buildConfigurationList = 603F99741EDA350D00BE7151 /* Build configuration list for PBXProject "CINEMA iOS" */;
			compatibilityVersion = "Xcode 3.2";
			developmentRegion = English;
			hasScannedForEncodings = 0;
			knownRegions = (
				en,
				Base,
			);
			mainGroup = 603F99701EDA350D00BE7151;
			productRefGroup = 603F997A1EDA350D00BE7151 /* Products */;
			projectDirPath = "";
			projectRoot = "";
			targets = (
				603F99781EDA350D00BE7151 /* CINEMA iOS */,
				603F998C1EDA351000BE7151 /* CINEMA iOSTests */,
				603F99971EDA351000BE7151 /* CINEMA iOSUITests */,
			);
		};
/* End PBXProject section */

/* Begin PBXResourcesBuildPhase section */
		603F99771EDA350D00BE7151 /* Resources */ = {
			isa = PBXResourcesBuildPhase;
			buildActionMask = 2147483647;
			files = (
				603F99871EDA350E00BE7151 /* LaunchScreen.storyboard in Resources */,
				603F99841EDA350E00BE7151 /* Assets.xcassets in Resources */,
				751C46D11EE2FB460007FC3C /* GoogleService-Info.plist in Resources */,
				600B609B1EECAFDF00B306E6 /* Main.storyboard in Resources */,
			);
			runOnlyForDeploymentPostprocessing = 0;
		};
		603F998B1EDA351000BE7151 /* Resources */ = {
			isa = PBXResourcesBuildPhase;
			buildActionMask = 2147483647;
			files = (
			);
			runOnlyForDeploymentPostprocessing = 0;
		};
		603F99961EDA351000BE7151 /* Resources */ = {
			isa = PBXResourcesBuildPhase;
			buildActionMask = 2147483647;
			files = (
			);
			runOnlyForDeploymentPostprocessing = 0;
		};
/* End PBXResourcesBuildPhase section */

/* Begin PBXShellScriptBuildPhase section */
		142B2C6DE40AD3D43D999986 /* [CP] Check Pods Manifest.lock */ = {
			isa = PBXShellScriptBuildPhase;
			buildActionMask = 2147483647;
			files = (
			);
			inputPaths = (
			);
			name = "[CP] Check Pods Manifest.lock";
			outputPaths = (
			);
			runOnlyForDeploymentPostprocessing = 0;
			shellPath = /bin/sh;
			shellScript = "diff \"${PODS_PODFILE_DIR_PATH}/Podfile.lock\" \"${PODS_ROOT}/Manifest.lock\" > /dev/null\nif [ $? != 0 ] ; then\n    # print error to STDERR\n    echo \"error: The sandbox is not in sync with the Podfile.lock. Run 'pod install' or update your CocoaPods installation.\" >&2\n    exit 1\nfi\n";
			showEnvVarsInLog = 0;
		};
		2452F5C3C75EBE5F82391E6E /* [CP] Copy Pods Resources */ = {
			isa = PBXShellScriptBuildPhase;
			buildActionMask = 2147483647;
			files = (
			);
			inputPaths = (
			);
			name = "[CP] Copy Pods Resources";
			outputPaths = (
			);
			runOnlyForDeploymentPostprocessing = 0;
			shellPath = /bin/sh;
			shellScript = "\"${SRCROOT}/Pods/Target Support Files/Pods-CINEMA iOSTests/Pods-CINEMA iOSTests-resources.sh\"\n";
			showEnvVarsInLog = 0;
		};
		4383CC69A71773EFD8E58AF0 /* [CP] Embed Pods Frameworks */ = {
			isa = PBXShellScriptBuildPhase;
			buildActionMask = 2147483647;
			files = (
			);
			inputPaths = (
			);
			name = "[CP] Embed Pods Frameworks";
			outputPaths = (
			);
			runOnlyForDeploymentPostprocessing = 0;
			shellPath = /bin/sh;
			shellScript = "\"${SRCROOT}/Pods/Target Support Files/Pods-CINEMA iOSUITests/Pods-CINEMA iOSUITests-frameworks.sh\"\n";
			showEnvVarsInLog = 0;
		};
		5636419645E15780A7446BD8 /* [CP] Copy Pods Resources */ = {
			isa = PBXShellScriptBuildPhase;
			buildActionMask = 2147483647;
			files = (
			);
			inputPaths = (
			);
			name = "[CP] Copy Pods Resources";
			outputPaths = (
			);
			runOnlyForDeploymentPostprocessing = 0;
			shellPath = /bin/sh;
			shellScript = "\"${SRCROOT}/Pods/Target Support Files/Pods-CINEMA iOS/Pods-CINEMA iOS-resources.sh\"\n";
			showEnvVarsInLog = 0;
		};
		748E5604416816475E93358C /* [CP] Copy Pods Resources */ = {
			isa = PBXShellScriptBuildPhase;
			buildActionMask = 2147483647;
			files = (
			);
			inputPaths = (
			);
			name = "[CP] Copy Pods Resources";
			outputPaths = (
			);
			runOnlyForDeploymentPostprocessing = 0;
			shellPath = /bin/sh;
			shellScript = "\"${SRCROOT}/Pods/Target Support Files/Pods-CINEMA iOSUITests/Pods-CINEMA iOSUITests-resources.sh\"\n";
			showEnvVarsInLog = 0;
		};
		D181EE302F30A0E6BCA9087E /* [CP] Check Pods Manifest.lock */ = {
			isa = PBXShellScriptBuildPhase;
			buildActionMask = 2147483647;
			files = (
			);
			inputPaths = (
			);
			name = "[CP] Check Pods Manifest.lock";
			outputPaths = (
			);
			runOnlyForDeploymentPostprocessing = 0;
			shellPath = /bin/sh;
			shellScript = "diff \"${PODS_PODFILE_DIR_PATH}/Podfile.lock\" \"${PODS_ROOT}/Manifest.lock\" > /dev/null\nif [ $? != 0 ] ; then\n    # print error to STDERR\n    echo \"error: The sandbox is not in sync with the Podfile.lock. Run 'pod install' or update your CocoaPods installation.\" >&2\n    exit 1\nfi\n";
			showEnvVarsInLog = 0;
		};
		DE7678E7B2CF6EDFBBCBA917 /* [CP] Embed Pods Frameworks */ = {
			isa = PBXShellScriptBuildPhase;
			buildActionMask = 2147483647;
			files = (
			);
			inputPaths = (
			);
			name = "[CP] Embed Pods Frameworks";
			outputPaths = (
			);
			runOnlyForDeploymentPostprocessing = 0;
			shellPath = /bin/sh;
			shellScript = "\"${SRCROOT}/Pods/Target Support Files/Pods-CINEMA iOS/Pods-CINEMA iOS-frameworks.sh\"\n";
			showEnvVarsInLog = 0;
		};
		EFA841F66C606A77AADC4114 /* [CP] Check Pods Manifest.lock */ = {
			isa = PBXShellScriptBuildPhase;
			buildActionMask = 2147483647;
			files = (
			);
			inputPaths = (
			);
			name = "[CP] Check Pods Manifest.lock";
			outputPaths = (
			);
			runOnlyForDeploymentPostprocessing = 0;
			shellPath = /bin/sh;
			shellScript = "diff \"${PODS_PODFILE_DIR_PATH}/Podfile.lock\" \"${PODS_ROOT}/Manifest.lock\" > /dev/null\nif [ $? != 0 ] ; then\n    # print error to STDERR\n    echo \"error: The sandbox is not in sync with the Podfile.lock. Run 'pod install' or update your CocoaPods installation.\" >&2\n    exit 1\nfi\n";
			showEnvVarsInLog = 0;
		};
		FF022893E8F891870C65526D /* [CP] Embed Pods Frameworks */ = {
			isa = PBXShellScriptBuildPhase;
			buildActionMask = 2147483647;
			files = (
			);
			inputPaths = (
			);
			name = "[CP] Embed Pods Frameworks";
			outputPaths = (
			);
			runOnlyForDeploymentPostprocessing = 0;
			shellPath = /bin/sh;
			shellScript = "\"${SRCROOT}/Pods/Target Support Files/Pods-CINEMA iOSTests/Pods-CINEMA iOSTests-frameworks.sh\"\n";
			showEnvVarsInLog = 0;
		};
/* End PBXShellScriptBuildPhase section */

/* Begin PBXSourcesBuildPhase section */
		603F99751EDA350D00BE7151 /* Sources */ = {
			isa = PBXSourcesBuildPhase;
			buildActionMask = 2147483647;
			files = (
				6054359D1EF30A7B00C98CFE /* ScheduleTableViewController.swift in Sources */,
				7525D84F1EE4197300FF6FA5 /* SWRevealViewController.m in Sources */,
				75751D111F00033E00F7372C /* AppUtility.swift in Sources */,
				60A2B5DA1EE112C100857EAC /* DataFilm.swift in Sources */,
				60E10ABF1EF1E76100A34628 /* FilmTypeTableViewCell.swift in Sources */,
				605804A41EE4A0FB00E7BF53 /* BookFilmTableViewController.swift in Sources */,
				75D0B7F41EE7F6D200A3A5BF /* ResetPasswordViewController.swift in Sources */,
				756C08F01EF8E0230014BB02 /* ProfileViewController.swift in Sources */,
				603F997F1EDA350E00BE7151 /* HomeViewController.swift in Sources */,
				60608AFC1EE7A84E0034FA3E /* SeatCollectionViewCell.swift in Sources */,
				6058B9551EE5266600C5A5E1 /* SignInViewController.swift in Sources */,
				605804A61EE4A34F00E7BF53 /* Book.swift in Sources */,
				60608AFE1EE7B5540034FA3E /* DetailViewController.swift in Sources */,
				6058B9531EE5260A00C5A5E1 /* SignUpViewController.swift in Sources */,
				60608AF21EE724110034FA3E /* MenuViewController.swift in Sources */,
				F7DC99DC1F0F83430062942C /* BookTableViewCell.swift in Sources */,
				756C08F21EF8E1960014BB02 /* MyOrderCell.swift in Sources */,
				60608AFA1EE7A8060034FA3E /* SeatCollectionViewController.swift in Sources */,
				605435A11EF38F0900C98CFE /* User.swift in Sources */,
				60A2B5DE1EE152C100857EAC /* FilmTableViewCell.swift in Sources */,
				605435A91EF3CCFF00C98CFE /* TicketInformationTableViewController.swift in Sources */,
				755CBE171EF19F8000CAD1FC /* ScheduleTableViewCell.swift in Sources */,
				605435A71EF3CC4A00C98CFE /* TicketInformationTableViewCell.swift in Sources */,
				75D0B7F61EE7F87800A3A5BF /* ChangePasswordViewController.swift in Sources */,
				60E10AC11EF1E7B000A34628 /* FilmTypeTableViewController.swift in Sources */,
				6054359F1EF38ED900C98CFE /* Ticket.swift in Sources */,
				600B60981EECAE5600B306E6 /* Reachability.swift in Sources */,
				603F997D1EDA350E00BE7151 /* AppDelegate.swift in Sources */,
				7525D8521EE41A6C00FF6FA5 /* MenuCell.swift in Sources */,
				60A2B5DC1EE1143B00857EAC /* Film.swift in Sources */,
			);
			runOnlyForDeploymentPostprocessing = 0;
		};
		603F99891EDA351000BE7151 /* Sources */ = {
			isa = PBXSourcesBuildPhase;
			buildActionMask = 2147483647;
			files = (
				603F99921EDA351000BE7151 /* CINEMA_iOSTests.swift in Sources */,
			);
			runOnlyForDeploymentPostprocessing = 0;
		};
		603F99941EDA351000BE7151 /* Sources */ = {
			isa = PBXSourcesBuildPhase;
			buildActionMask = 2147483647;
			files = (
				603F999D1EDA351000BE7151 /* CINEMA_iOSUITests.swift in Sources */,
			);
			runOnlyForDeploymentPostprocessing = 0;
		};
/* End PBXSourcesBuildPhase section */

/* Begin PBXTargetDependency section */
		603F998F1EDA351000BE7151 /* PBXTargetDependency */ = {
			isa = PBXTargetDependency;
			target = 603F99781EDA350D00BE7151 /* CINEMA iOS */;
			targetProxy = 603F998E1EDA351000BE7151 /* PBXContainerItemProxy */;
		};
		603F999A1EDA351000BE7151 /* PBXTargetDependency */ = {
			isa = PBXTargetDependency;
			target = 603F99781EDA350D00BE7151 /* CINEMA iOS */;
			targetProxy = 603F99991EDA351000BE7151 /* PBXContainerItemProxy */;
		};
/* End PBXTargetDependency section */

/* Begin PBXVariantGroup section */
		600B60991EECAFDF00B306E6 /* Main.storyboard */ = {
			isa = PBXVariantGroup;
			children = (
				600B609A1EECAFDF00B306E6 /* Base */,
			);
			name = Main.storyboard;
			sourceTree = "<group>";
		};
		603F99851EDA350E00BE7151 /* LaunchScreen.storyboard */ = {
			isa = PBXVariantGroup;
			children = (
				603F99861EDA350E00BE7151 /* Base */,
			);
			name = LaunchScreen.storyboard;
			sourceTree = "<group>";
		};
/* End PBXVariantGroup section */

/* Begin XCBuildConfiguration section */
		603F999F1EDA351000BE7151 /* Debug */ = {
			isa = XCBuildConfiguration;
			buildSettings = {
				ALWAYS_SEARCH_USER_PATHS = NO;
				CLANG_ANALYZER_NONNULL = YES;
				CLANG_ANALYZER_NUMBER_OBJECT_CONVERSION = YES_AGGRESSIVE;
				CLANG_CXX_LANGUAGE_STANDARD = "gnu++0x";
				CLANG_CXX_LIBRARY = "libc++";
				CLANG_ENABLE_MODULES = YES;
				CLANG_ENABLE_OBJC_ARC = YES;
				CLANG_WARN_BOOL_CONVERSION = YES;
				CLANG_WARN_CONSTANT_CONVERSION = YES;
				CLANG_WARN_DIRECT_OBJC_ISA_USAGE = YES_ERROR;
				CLANG_WARN_DOCUMENTATION_COMMENTS = YES;
				CLANG_WARN_EMPTY_BODY = YES;
				CLANG_WARN_ENUM_CONVERSION = YES;
				CLANG_WARN_INFINITE_RECURSION = YES;
				CLANG_WARN_INT_CONVERSION = YES;
				CLANG_WARN_OBJC_ROOT_CLASS = YES_ERROR;
				CLANG_WARN_SUSPICIOUS_MOVE = YES;
				CLANG_WARN_UNREACHABLE_CODE = YES;
				CLANG_WARN__DUPLICATE_METHOD_MATCH = YES;
				"CODE_SIGN_IDENTITY[sdk=iphoneos*]" = "iPhone Developer";
				COPY_PHASE_STRIP = NO;
				DEBUG_INFORMATION_FORMAT = dwarf;
				ENABLE_STRICT_OBJC_MSGSEND = YES;
				ENABLE_TESTABILITY = YES;
				GCC_C_LANGUAGE_STANDARD = gnu99;
				GCC_DYNAMIC_NO_PIC = NO;
				GCC_NO_COMMON_BLOCKS = YES;
				GCC_OPTIMIZATION_LEVEL = 0;
				GCC_PREPROCESSOR_DEFINITIONS = (
					"DEBUG=1",
					"$(inherited)",
				);
				GCC_WARN_64_TO_32_BIT_CONVERSION = YES;
				GCC_WARN_ABOUT_RETURN_TYPE = YES_ERROR;
				GCC_WARN_UNDECLARED_SELECTOR = YES;
				GCC_WARN_UNINITIALIZED_AUTOS = YES_AGGRESSIVE;
				GCC_WARN_UNUSED_FUNCTION = YES;
				GCC_WARN_UNUSED_VARIABLE = YES;
				IPHONEOS_DEPLOYMENT_TARGET = 10.3;
				MTL_ENABLE_DEBUG_INFO = YES;
				ONLY_ACTIVE_ARCH = YES;
				SDKROOT = iphoneos;
				SWIFT_ACTIVE_COMPILATION_CONDITIONS = DEBUG;
				SWIFT_OPTIMIZATION_LEVEL = "-Onone";
				TARGETED_DEVICE_FAMILY = "1,2";
			};
			name = Debug;
		};
		603F99A01EDA351000BE7151 /* Release */ = {
			isa = XCBuildConfiguration;
			buildSettings = {
				ALWAYS_SEARCH_USER_PATHS = NO;
				CLANG_ANALYZER_NONNULL = YES;
				CLANG_ANALYZER_NUMBER_OBJECT_CONVERSION = YES_AGGRESSIVE;
				CLANG_CXX_LANGUAGE_STANDARD = "gnu++0x";
				CLANG_CXX_LIBRARY = "libc++";
				CLANG_ENABLE_MODULES = YES;
				CLANG_ENABLE_OBJC_ARC = YES;
				CLANG_WARN_BOOL_CONVERSION = YES;
				CLANG_WARN_CONSTANT_CONVERSION = YES;
				CLANG_WARN_DIRECT_OBJC_ISA_USAGE = YES_ERROR;
				CLANG_WARN_DOCUMENTATION_COMMENTS = YES;
				CLANG_WARN_EMPTY_BODY = YES;
				CLANG_WARN_ENUM_CONVERSION = YES;
				CLANG_WARN_INFINITE_RECURSION = YES;
				CLANG_WARN_INT_CONVERSION = YES;
				CLANG_WARN_OBJC_ROOT_CLASS = YES_ERROR;
				CLANG_WARN_SUSPICIOUS_MOVE = YES;
				CLANG_WARN_UNREACHABLE_CODE = YES;
				CLANG_WARN__DUPLICATE_METHOD_MATCH = YES;
				"CODE_SIGN_IDENTITY[sdk=iphoneos*]" = "iPhone Developer";
				COPY_PHASE_STRIP = NO;
				DEBUG_INFORMATION_FORMAT = "dwarf-with-dsym";
				ENABLE_NS_ASSERTIONS = NO;
				ENABLE_STRICT_OBJC_MSGSEND = YES;
				GCC_C_LANGUAGE_STANDARD = gnu99;
				GCC_NO_COMMON_BLOCKS = YES;
				GCC_WARN_64_TO_32_BIT_CONVERSION = YES;
				GCC_WARN_ABOUT_RETURN_TYPE = YES_ERROR;
				GCC_WARN_UNDECLARED_SELECTOR = YES;
				GCC_WARN_UNINITIALIZED_AUTOS = YES_AGGRESSIVE;
				GCC_WARN_UNUSED_FUNCTION = YES;
				GCC_WARN_UNUSED_VARIABLE = YES;
				IPHONEOS_DEPLOYMENT_TARGET = 10.3;
				MTL_ENABLE_DEBUG_INFO = NO;
				SDKROOT = iphoneos;
				SWIFT_OPTIMIZATION_LEVEL = "-Owholemodule";
				TARGETED_DEVICE_FAMILY = "1,2";
				VALIDATE_PRODUCT = YES;
			};
			name = Release;
		};
		603F99A21EDA351000BE7151 /* Debug */ = {
			isa = XCBuildConfiguration;
			baseConfigurationReference = DD0C14DD304E4AC10D72F568 /* Pods-CINEMA iOS.debug.xcconfig */;
			buildSettings = {
				ASSETCATALOG_COMPILER_APPICON_NAME = AppIcon;
				CLANG_ENABLE_MODULES = YES;
				INFOPLIST_FILE = "CINEMA iOS/Info.plist";
				IPHONEOS_DEPLOYMENT_TARGET = 8.4;
				LD_RUNPATH_SEARCH_PATHS = "$(inherited) @executable_path/Frameworks";
				PRODUCT_BUNDLE_IDENTIFIER = "com.healer.CINEMA-iOS";
				PRODUCT_NAME = "$(TARGET_NAME)";
				SWIFT_OBJC_BRIDGING_HEADER = "CINEMA iOS/CINEMA iOS-Bridging-Header.h";
				SWIFT_OPTIMIZATION_LEVEL = "-Onone";
				SWIFT_VERSION = 3.0;
			};
			name = Debug;
		};
		603F99A31EDA351000BE7151 /* Release */ = {
			isa = XCBuildConfiguration;
			baseConfigurationReference = 71DC90CFAD60B88AAC48A138 /* Pods-CINEMA iOS.release.xcconfig */;
			buildSettings = {
				ASSETCATALOG_COMPILER_APPICON_NAME = AppIcon;
				CLANG_ENABLE_MODULES = YES;
				INFOPLIST_FILE = "CINEMA iOS/Info.plist";
				IPHONEOS_DEPLOYMENT_TARGET = 8.4;
				LD_RUNPATH_SEARCH_PATHS = "$(inherited) @executable_path/Frameworks";
				PRODUCT_BUNDLE_IDENTIFIER = "com.healer.CINEMA-iOS";
				PRODUCT_NAME = "$(TARGET_NAME)";
				SWIFT_OBJC_BRIDGING_HEADER = "CINEMA iOS/CINEMA iOS-Bridging-Header.h";
				SWIFT_VERSION = 3.0;
			};
			name = Release;
		};
		603F99A51EDA351000BE7151 /* Debug */ = {
			isa = XCBuildConfiguration;
			baseConfigurationReference = CABAF379495E050D6EC17DD8 /* Pods-CINEMA iOSTests.debug.xcconfig */;
			buildSettings = {
				ALWAYS_EMBED_SWIFT_STANDARD_LIBRARIES = YES;
				BUNDLE_LOADER = "$(TEST_HOST)";
				INFOPLIST_FILE = "CINEMA iOSTests/Info.plist";
				LD_RUNPATH_SEARCH_PATHS = "$(inherited) @executable_path/Frameworks @loader_path/Frameworks";
				PRODUCT_BUNDLE_IDENTIFIER = "com.healer.CINEMA-iOSTests";
				PRODUCT_NAME = "$(TARGET_NAME)";
				SWIFT_VERSION = 3.0;
				TEST_HOST = "$(BUILT_PRODUCTS_DIR)/CINEMA iOS.app/CINEMA iOS";
			};
			name = Debug;
		};
		603F99A61EDA351000BE7151 /* Release */ = {
			isa = XCBuildConfiguration;
			baseConfigurationReference = 8ACA4E4D7D19C9F429192B0E /* Pods-CINEMA iOSTests.release.xcconfig */;
			buildSettings = {
				ALWAYS_EMBED_SWIFT_STANDARD_LIBRARIES = YES;
				BUNDLE_LOADER = "$(TEST_HOST)";
				INFOPLIST_FILE = "CINEMA iOSTests/Info.plist";
				LD_RUNPATH_SEARCH_PATHS = "$(inherited) @executable_path/Frameworks @loader_path/Frameworks";
				PRODUCT_BUNDLE_IDENTIFIER = "com.healer.CINEMA-iOSTests";
				PRODUCT_NAME = "$(TARGET_NAME)";
				SWIFT_VERSION = 3.0;
				TEST_HOST = "$(BUILT_PRODUCTS_DIR)/CINEMA iOS.app/CINEMA iOS";
			};
			name = Release;
		};
		603F99A81EDA351000BE7151 /* Debug */ = {
			isa = XCBuildConfiguration;
			baseConfigurationReference = 358AE7392051B48CC47B6BA7 /* Pods-CINEMA iOSUITests.debug.xcconfig */;
			buildSettings = {
				ALWAYS_EMBED_SWIFT_STANDARD_LIBRARIES = YES;
				INFOPLIST_FILE = "CINEMA iOSUITests/Info.plist";
				LD_RUNPATH_SEARCH_PATHS = "$(inherited) @executable_path/Frameworks @loader_path/Frameworks";
				PRODUCT_BUNDLE_IDENTIFIER = "com.healer.CINEMA-iOSUITests";
				PRODUCT_NAME = "$(TARGET_NAME)";
				SWIFT_VERSION = 3.0;
				TEST_TARGET_NAME = "CINEMA iOS";
			};
			name = Debug;
		};
		603F99A91EDA351000BE7151 /* Release */ = {
			isa = XCBuildConfiguration;
			baseConfigurationReference = 887A7C68A3B716881D5405F3 /* Pods-CINEMA iOSUITests.release.xcconfig */;
			buildSettings = {
				ALWAYS_EMBED_SWIFT_STANDARD_LIBRARIES = YES;
				INFOPLIST_FILE = "CINEMA iOSUITests/Info.plist";
				LD_RUNPATH_SEARCH_PATHS = "$(inherited) @executable_path/Frameworks @loader_path/Frameworks";
				PRODUCT_BUNDLE_IDENTIFIER = "com.healer.CINEMA-iOSUITests";
				PRODUCT_NAME = "$(TARGET_NAME)";
				SWIFT_VERSION = 3.0;
				TEST_TARGET_NAME = "CINEMA iOS";
			};
			name = Release;
		};
/* End XCBuildConfiguration section */

/* Begin XCConfigurationList section */
		603F99741EDA350D00BE7151 /* Build configuration list for PBXProject "CINEMA iOS" */ = {
			isa = XCConfigurationList;
			buildConfigurations = (
				603F999F1EDA351000BE7151 /* Debug */,
				603F99A01EDA351000BE7151 /* Release */,
			);
			defaultConfigurationIsVisible = 0;
			defaultConfigurationName = Release;
		};
		603F99A11EDA351000BE7151 /* Build configuration list for PBXNativeTarget "CINEMA iOS" */ = {
			isa = XCConfigurationList;
			buildConfigurations = (
				603F99A21EDA351000BE7151 /* Debug */,
				603F99A31EDA351000BE7151 /* Release */,
			);
			defaultConfigurationIsVisible = 0;
			defaultConfigurationName = Release;
		};
		603F99A41EDA351000BE7151 /* Build configuration list for PBXNativeTarget "CINEMA iOSTests" */ = {
			isa = XCConfigurationList;
			buildConfigurations = (
				603F99A51EDA351000BE7151 /* Debug */,
				603F99A61EDA351000BE7151 /* Release */,
			);
			defaultConfigurationIsVisible = 0;
			defaultConfigurationName = Release;
		};
		603F99A71EDA351000BE7151 /* Build configuration list for PBXNativeTarget "CINEMA iOSUITests" */ = {
			isa = XCConfigurationList;
			buildConfigurations = (
				603F99A81EDA351000BE7151 /* Debug */,
				603F99A91EDA351000BE7151 /* Release */,
			);
			defaultConfigurationIsVisible = 0;
			defaultConfigurationName = Release;
		};
/* End XCConfigurationList section */
	};
	rootObject = 603F99711EDA350D00BE7151 /* Project object */;
}
